// !$*UTF8*$!
{
	archiveVersion = 1;
	classes = {
	};
	objectVersion = 56;
	objects = {

/* Begin PBXBuildFile section */
		CD3177122B6B822D00649652 /* MainViewController.swift in Sources */ = {isa = PBXBuildFile; fileRef = CD3177112B6B822D00649652 /* MainViewController.swift */; };
		CD3177142B6B84A200649652 /* PizzaCell.swift in Sources */ = {isa = PBXBuildFile; fileRef = CD3177132B6B84A200649652 /* PizzaCell.swift */; };
		CD444CA32B6CE6E100AB2283 /* HorizontalPeekingPagesCollectionViewController.swift in Sources */ = {isa = PBXBuildFile; fileRef = CD444CA22B6CE6E100AB2283 /* HorizontalPeekingPagesCollectionViewController.swift */; };
		CD4854DD2B6B7F380090720A /* AppDelegate.swift in Sources */ = {isa = PBXBuildFile; fileRef = CD4854DC2B6B7F380090720A /* AppDelegate.swift */; };
		CD4854DF2B6B7F380090720A /* SceneDelegate.swift in Sources */ = {isa = PBXBuildFile; fileRef = CD4854DE2B6B7F380090720A /* SceneDelegate.swift */; };
		CD4854E42B6B7F380090720A /* Main.storyboard in Resources */ = {isa = PBXBuildFile; fileRef = CD4854E22B6B7F380090720A /* Main.storyboard */; };
		CD4854E62B6B7F390090720A /* Assets.xcassets in Resources */ = {isa = PBXBuildFile; fileRef = CD4854E52B6B7F390090720A /* Assets.xcassets */; };
		CD4854E92B6B7F390090720A /* LaunchScreen.storyboard in Resources */ = {isa = PBXBuildFile; fileRef = CD4854E72B6B7F390090720A /* LaunchScreen.storyboard */; };
		CD4854F82B6B808F0090720A /* NetworkManager.swift in Sources */ = {isa = PBXBuildFile; fileRef = CD4854F72B6B808F0090720A /* NetworkManager.swift */; };
		CD4854FB2B6B80B20090720A /* Pizza.swift in Sources */ = {isa = PBXBuildFile; fileRef = CD4854FA2B6B80B20090720A /* Pizza.swift */; };
/* End PBXBuildFile section */

/* Begin PBXFileReference section */
		CD3177112B6B822D00649652 /* MainViewController.swift */ = {isa = PBXFileReference; lastKnownFileType = sourcecode.swift; path = MainViewController.swift; sourceTree = "<group>"; };
		CD3177132B6B84A200649652 /* PizzaCell.swift */ = {isa = PBXFileReference; lastKnownFileType = sourcecode.swift; path = PizzaCell.swift; sourceTree = "<group>"; };
		CD444CA22B6CE6E100AB2283 /* HorizontalPeekingPagesCollectionViewController.swift */ = {isa = PBXFileReference; lastKnownFileType = sourcecode.swift; path = HorizontalPeekingPagesCollectionViewController.swift; sourceTree = "<group>"; };
		CD4854D92B6B7F380090720A /* Store.app */ = {isa = PBXFileReference; explicitFileType = wrapper.application; includeInIndex = 0; path = Store.app; sourceTree = BUILT_PRODUCTS_DIR; };
		CD4854DC2B6B7F380090720A /* AppDelegate.swift */ = {isa = PBXFileReference; lastKnownFileType = sourcecode.swift; path = AppDelegate.swift; sourceTree = "<group>"; };
		CD4854DE2B6B7F380090720A /* SceneDelegate.swift */ = {isa = PBXFileReference; lastKnownFileType = sourcecode.swift; path = SceneDelegate.swift; sourceTree = "<group>"; };
		CD4854E32B6B7F380090720A /* Base */ = {isa = PBXFileReference; lastKnownFileType = file.storyboard; name = Base; path = Base.lproj/Main.storyboard; sourceTree = "<group>"; };
		CD4854E52B6B7F390090720A /* Assets.xcassets */ = {isa = PBXFileReference; lastKnownFileType = folder.assetcatalog; path = Assets.xcassets; sourceTree = "<group>"; };
		CD4854E82B6B7F390090720A /* Base */ = {isa = PBXFileReference; lastKnownFileType = file.storyboard; name = Base; path = Base.lproj/LaunchScreen.storyboard; sourceTree = "<group>"; };
		CD4854EA2B6B7F390090720A /* Info.plist */ = {isa = PBXFileReference; lastKnownFileType = text.plist.xml; path = Info.plist; sourceTree = "<group>"; };
		CD4854F72B6B808F0090720A /* NetworkManager.swift */ = {isa = PBXFileReference; lastKnownFileType = sourcecode.swift; path = NetworkManager.swift; sourceTree = "<group>"; };
		CD4854FA2B6B80B20090720A /* Pizza.swift */ = {isa = PBXFileReference; lastKnownFileType = sourcecode.swift; path = Pizza.swift; sourceTree = "<group>"; };
/* End PBXFileReference section */

/* Begin PBXFrameworksBuildPhase section */
		CD4854D62B6B7F380090720A /* Frameworks */ = {
			isa = PBXFrameworksBuildPhase;
			buildActionMask = 2147483647;
			files = (
			);
			runOnlyForDeploymentPostprocessing = 0;
		};
/* End PBXFrameworksBuildPhase section */

/* Begin PBXGroup section */
		CD4854D02B6B7F380090720A = {
			isa = PBXGroup;
			children = (
				CD4854DB2B6B7F380090720A /* Store */,
				CD4854DA2B6B7F380090720A /* Products */,
			);
			sourceTree = "<group>";
		};
		CD4854DA2B6B7F380090720A /* Products */ = {
			isa = PBXGroup;
			children = (
				CD4854D92B6B7F380090720A /* Store.app */,
			);
			name = Products;
			sourceTree = "<group>";
		};
		CD4854DB2B6B7F380090720A /* Store */ = {
			isa = PBXGroup;
			children = (
				CD4854F32B6B7FFE0090720A /* ViewControllers */,
				CD4854F52B6B80190090720A /* Views */,
				CD4854F62B6B802D0090720A /* Models */,
				CD4854F42B6B800A0090720A /* Services */,
				CD4854F22B6B7FEE0090720A /* Storyboards */,
				CD4854F12B6B7FD30090720A /* App */,
				CD4854F02B6B7FB60090720A /* Resources */,
			);
			path = Store;
			sourceTree = "<group>";
		};
		CD4854F02B6B7FB60090720A /* Resources */ = {
			isa = PBXGroup;
			children = (
				CD4854E52B6B7F390090720A /* Assets.xcassets */,
			);
			path = Resources;
			sourceTree = "<group>";
		};
		CD4854F12B6B7FD30090720A /* App */ = {
			isa = PBXGroup;
			children = (
				CD4854DC2B6B7F380090720A /* AppDelegate.swift */,
				CD4854DE2B6B7F380090720A /* SceneDelegate.swift */,
				CD4854EA2B6B7F390090720A /* Info.plist */,
			);
			path = App;
			sourceTree = "<group>";
		};
		CD4854F22B6B7FEE0090720A /* Storyboards */ = {
			isa = PBXGroup;
			children = (
				CD4854E22B6B7F380090720A /* Main.storyboard */,
				CD4854E72B6B7F390090720A /* LaunchScreen.storyboard */,
			);
			path = Storyboards;
			sourceTree = "<group>";
		};
		CD4854F32B6B7FFE0090720A /* ViewControllers */ = {
			isa = PBXGroup;
			children = (
				CD3177112B6B822D00649652 /* MainViewController.swift */,
				CD444CA22B6CE6E100AB2283 /* HorizontalPeekingPagesCollectionViewController.swift */,
			);
			path = ViewControllers;
			sourceTree = "<group>";
		};
		CD4854F42B6B800A0090720A /* Services */ = {
			isa = PBXGroup;
			children = (
				CD4854F72B6B808F0090720A /* NetworkManager.swift */,
			);
			path = Services;
			sourceTree = "<group>";
		};
		CD4854F52B6B80190090720A /* Views */ = {
			isa = PBXGroup;
			children = (
				CD3177132B6B84A200649652 /* PizzaCell.swift */,
			);
			path = Views;
			sourceTree = "<group>";
		};
		CD4854F62B6B802D0090720A /* Models */ = {
			isa = PBXGroup;
			children = (
				CD4854FA2B6B80B20090720A /* Pizza.swift */,
			);
			path = Models;
			sourceTree = "<group>";
		};
/* End PBXGroup section */

/* Begin PBXNativeTarget section */
		CD4854D82B6B7F380090720A /* Store */ = {
			isa = PBXNativeTarget;
			buildConfigurationList = CD4854ED2B6B7F390090720A /* Build configuration list for PBXNativeTarget "Store" */;
			buildPhases = (
				CD4854D52B6B7F380090720A /* Sources */,
				CD4854D62B6B7F380090720A /* Frameworks */,
				CD4854D72B6B7F380090720A /* Resources */,
			);
			buildRules = (
			);
			dependencies = (
			);
			name = Store;
			productName = Store;
			productReference = CD4854D92B6B7F380090720A /* Store.app */;
			productType = "com.apple.product-type.application";
		};
/* End PBXNativeTarget section */

/* Begin PBXProject section */
		CD4854D12B6B7F380090720A /* Project object */ = {
			isa = PBXProject;
			attributes = {
				BuildIndependentTargetsInParallel = 1;
				LastSwiftUpdateCheck = 1520;
				LastUpgradeCheck = 1520;
				TargetAttributes = {
					CD4854D82B6B7F380090720A = {
						CreatedOnToolsVersion = 15.2;
					};
				};
			};
			buildConfigurationList = CD4854D42B6B7F380090720A /* Build configuration list for PBXProject "Store" */;
			compatibilityVersion = "Xcode 14.0";
			developmentRegion = en;
			hasScannedForEncodings = 0;
			knownRegions = (
				en,
				Base,
			);
			mainGroup = CD4854D02B6B7F380090720A;
			productRefGroup = CD4854DA2B6B7F380090720A /* Products */;
			projectDirPath = "";
			projectRoot = "";
			targets = (
				CD4854D82B6B7F380090720A /* Store */,
			);
		};
/* End PBXProject section */

/* Begin PBXResourcesBuildPhase section */
		CD4854D72B6B7F380090720A /* Resources */ = {
			isa = PBXResourcesBuildPhase;
			buildActionMask = 2147483647;
			files = (
				CD4854E92B6B7F390090720A /* LaunchScreen.storyboard in Resources */,
				CD4854E62B6B7F390090720A /* Assets.xcassets in Resources */,
				CD4854E42B6B7F380090720A /* Main.storyboard in Resources */,
			);
			runOnlyForDeploymentPostprocessing = 0;
		};
/* End PBXResourcesBuildPhase section */

/* Begin PBXSourcesBuildPhase section */
		CD4854D52B6B7F380090720A /* Sources */ = {
			isa = PBXSourcesBuildPhase;
			buildActionMask = 2147483647;
			files = (
				CD4854F82B6B808F0090720A /* NetworkManager.swift in Sources */,
				CD4854DD2B6B7F380090720A /* AppDelegate.swift in Sources */,
				CD3177122B6B822D00649652 /* MainViewController.swift in Sources */,
				CD4854DF2B6B7F380090720A /* SceneDelegate.swift in Sources */,
				CD444CA32B6CE6E100AB2283 /* HorizontalPeekingPagesCollectionViewController.swift in Sources */,
				CD4854FB2B6B80B20090720A /* Pizza.swift in Sources */,
				CD3177142B6B84A200649652 /* PizzaCell.swift in Sources */,
			);
			runOnlyForDeploymentPostprocessing = 0;
		};
/* End PBXSourcesBuildPhase section */

/* Begin PBXVariantGroup section */
		CD4854E22B6B7F380090720A /* Main.storyboard */ = {
			isa = PBXVariantGroup;
			children = (
				CD4854E32B6B7F380090720A /* Base */,
			);
			name = Main.storyboard;
			sourceTree = "<group>";
		};
		CD4854E72B6B7F390090720A /* LaunchScreen.storyboard */ = {
			isa = PBXVariantGroup;
			children = (
				CD4854E82B6B7F390090720A /* Base */,
			);
			name = LaunchScreen.storyboard;
			sourceTree = "<group>";
		};
/* End PBXVariantGroup section */

/* Begin XCBuildConfiguration section */
		CD4854EB2B6B7F390090720A /* Debug */ = {
			isa = XCBuildConfiguration;
			buildSettings = {
				ALWAYS_SEARCH_USER_PATHS = NO;
				ASSETCATALOG_COMPILER_GENERATE_SWIFT_ASSET_SYMBOL_EXTENSIONS = YES;
				CLANG_ANALYZER_NONNULL = YES;
				CLANG_ANALYZER_NUMBER_OBJECT_CONVERSION = YES_AGGRESSIVE;
				CLANG_CXX_LANGUAGE_STANDARD = "gnu++20";
				CLANG_ENABLE_MODULES = YES;
				CLANG_ENABLE_OBJC_ARC = YES;
				CLANG_ENABLE_OBJC_WEAK = YES;
				CLANG_WARN_BLOCK_CAPTURE_AUTORELEASING = YES;
				CLANG_WARN_BOOL_CONVERSION = YES;
				CLANG_WARN_COMMA = YES;
				CLANG_WARN_CONSTANT_CONVERSION = YES;
				CLANG_WARN_DEPRECATED_OBJC_IMPLEMENTATIONS = YES;
				CLANG_WARN_DIRECT_OBJC_ISA_USAGE = YES_ERROR;
				CLANG_WARN_DOCUMENTATION_COMMENTS = YES;
				CLANG_WARN_EMPTY_BODY = YES;
				CLANG_WARN_ENUM_CONVERSION = YES;
				CLANG_WARN_INFINITE_RECURSION = YES;
				CLANG_WARN_INT_CONVERSION = YES;
				CLANG_WARN_NON_LITERAL_NULL_CONVERSION = YES;
				CLANG_WARN_OBJC_IMPLICIT_RETAIN_SELF = YES;
				CLANG_WARN_OBJC_LITERAL_CONVERSION = YES;
				CLANG_WARN_OBJC_ROOT_CLASS = YES_ERROR;
				CLANG_WARN_QUOTED_INCLUDE_IN_FRAMEWORK_HEADER = YES;
				CLANG_WARN_RANGE_LOOP_ANALYSIS = YES;
				CLANG_WARN_STRICT_PROTOTYPES = YES;
				CLANG_WARN_SUSPICIOUS_MOVE = YES;
				CLANG_WARN_UNGUARDED_AVAILABILITY = YES_AGGRESSIVE;
				CLANG_WARN_UNREACHABLE_CODE = YES;
				CLANG_WARN__DUPLICATE_METHOD_MATCH = YES;
				COPY_PHASE_STRIP = NO;
				DEBUG_INFORMATION_FORMAT = dwarf;
				ENABLE_STRICT_OBJC_MSGSEND = YES;
				ENABLE_TESTABILITY = YES;
				ENABLE_USER_SCRIPT_SANDBOXING = YES;
				GCC_C_LANGUAGE_STANDARD = gnu17;
				GCC_DYNAMIC_NO_PIC = NO;
				GCC_NO_COMMON_BLOCKS = YES;
				GCC_OPTIMIZATION_LEVEL = 0;
				GCC_PREPROCESSOR_DEFINITIONS = (
					"DEBUG=1",
					"$(inherited)",
				);
				GCC_WARN_64_TO_32_BIT_CONVERSION = YES;
				GCC_WARN_ABOUT_RETURN_TYPE = YES_ERROR;
				GCC_WARN_UNDECLARED_SELECTOR = YES;
				GCC_WARN_UNINITIALIZED_AUTOS = YES_AGGRESSIVE;
				GCC_WARN_UNUSED_FUNCTION = YES;
				GCC_WARN_UNUSED_VARIABLE = YES;
				IPHONEOS_DEPLOYMENT_TARGET = 17.2;
				LOCALIZATION_PREFERS_STRING_CATALOGS = YES;
				MTL_ENABLE_DEBUG_INFO = INCLUDE_SOURCE;
				MTL_FAST_MATH = YES;
				ONLY_ACTIVE_ARCH = YES;
				SDKROOT = iphoneos;
				SWIFT_ACTIVE_COMPILATION_CONDITIONS = "DEBUG $(inherited)";
				SWIFT_OPTIMIZATION_LEVEL = "-Onone";
			};
			name = Debug;
		};
		CD4854EC2B6B7F390090720A /* Release */ = {
			isa = XCBuildConfiguration;
			buildSettings = {
				ALWAYS_SEARCH_USER_PATHS = NO;
				ASSETCATALOG_COMPILER_GENERATE_SWIFT_ASSET_SYMBOL_EXTENSIONS = YES;
				CLANG_ANALYZER_NONNULL = YES;
				CLANG_ANALYZER_NUMBER_OBJECT_CONVERSION = YES_AGGRESSIVE;
				CLANG_CXX_LANGUAGE_STANDARD = "gnu++20";
				CLANG_ENABLE_MODULES = YES;
				CLANG_ENABLE_OBJC_ARC = YES;
				CLANG_ENABLE_OBJC_WEAK = YES;
				CLANG_WARN_BLOCK_CAPTURE_AUTORELEASING = YES;
				CLANG_WARN_BOOL_CONVERSION = YES;
				CLANG_WARN_COMMA = YES;
				CLANG_WARN_CONSTANT_CONVERSION = YES;
				CLANG_WARN_DEPRECATED_OBJC_IMPLEMENTATIONS = YES;
				CLANG_WARN_DIRECT_OBJC_ISA_USAGE = YES_ERROR;
				CLANG_WARN_DOCUMENTATION_COMMENTS = YES;
				CLANG_WARN_EMPTY_BODY = YES;
				CLANG_WARN_ENUM_CONVERSION = YES;
				CLANG_WARN_INFINITE_RECURSION = YES;
				CLANG_WARN_INT_CONVERSION = YES;
				CLANG_WARN_NON_LITERAL_NULL_CONVERSION = YES;
				CLANG_WARN_OBJC_IMPLICIT_RETAIN_SELF = YES;
				CLANG_WARN_OBJC_LITERAL_CONVERSION = YES;
				CLANG_WARN_OBJC_ROOT_CLASS = YES_ERROR;
				CLANG_WARN_QUOTED_INCLUDE_IN_FRAMEWORK_HEADER = YES;
				CLANG_WARN_RANGE_LOOP_ANALYSIS = YES;
				CLANG_WARN_STRICT_PROTOTYPES = YES;
				CLANG_WARN_SUSPICIOUS_MOVE = YES;
				CLANG_WARN_UNGUARDED_AVAILABILITY = YES_AGGRESSIVE;
				CLANG_WARN_UNREACHABLE_CODE = YES;
				CLANG_WARN__DUPLICATE_METHOD_MATCH = YES;
				COPY_PHASE_STRIP = NO;
				DEBUG_INFORMATION_FORMAT = "dwarf-with-dsym";
				ENABLE_NS_ASSERTIONS = NO;
				ENABLE_STRICT_OBJC_MSGSEND = YES;
				ENABLE_USER_SCRIPT_SANDBOXING = YES;
				GCC_C_LANGUAGE_STANDARD = gnu17;
				GCC_NO_COMMON_BLOCKS = YES;
				GCC_WARN_64_TO_32_BIT_CONVERSION = YES;
				GCC_WARN_ABOUT_RETURN_TYPE = YES_ERROR;
				GCC_WARN_UNDECLARED_SELECTOR = YES;
				GCC_WARN_UNINITIALIZED_AUTOS = YES_AGGRESSIVE;
				GCC_WARN_UNUSED_FUNCTION = YES;
				GCC_WARN_UNUSED_VARIABLE = YES;
				IPHONEOS_DEPLOYMENT_TARGET = 17.2;
				LOCALIZATION_PREFERS_STRING_CATALOGS = YES;
				MTL_ENABLE_DEBUG_INFO = NO;
				MTL_FAST_MATH = YES;
				SDKROOT = iphoneos;
				SWIFT_COMPILATION_MODE = wholemodule;
				VALIDATE_PRODUCT = YES;
			};
			name = Release;
		};
		CD4854EE2B6B7F390090720A /* Debug */ = {
			isa = XCBuildConfiguration;
			buildSettings = {
				ASSETCATALOG_COMPILER_APPICON_NAME = AppIcon;
				ASSETCATALOG_COMPILER_GLOBAL_ACCENT_COLOR_NAME = AccentColor;
				CODE_SIGN_STYLE = Automatic;
				CURRENT_PROJECT_VERSION = 1;
				DEVELOPMENT_TEAM = V3YK82Q5NN;
				GENERATE_INFOPLIST_FILE = YES;
				INFOPLIST_FILE = Store/App/Info.plist;
				INFOPLIST_KEY_CFBundleDisplayName = Pizza;
				INFOPLIST_KEY_UIApplicationSupportsIndirectInputEvents = YES;
				INFOPLIST_KEY_UILaunchStoryboardName = LaunchScreen;
				INFOPLIST_KEY_UIMainStoryboardFile = Main;
				INFOPLIST_KEY_UISupportedInterfaceOrientations = UIInterfaceOrientationPortrait;
				INFOPLIST_KEY_UISupportedInterfaceOrientations_iPad = "UIInterfaceOrientationLandscapeLeft UIInterfaceOrientationLandscapeRight UIInterfaceOrientationPortrait UIInterfaceOrientationPortraitUpsideDown";
				LD_RUNPATH_SEARCH_PATHS = (
					"$(inherited)",
					"@executable_path/Frameworks",
				);
				MARKETING_VERSION = 1.0;
				PRODUCT_BUNDLE_IDENTIFIER = broski43.Store;
				PRODUCT_NAME = "$(TARGET_NAME)";
				SUPPORTED_PLATFORMS = "iphoneos iphonesimulator";
				SUPPORTS_MACCATALYST = NO;
				SUPPORTS_MAC_DESIGNED_FOR_IPHONE_IPAD = NO;
				SUPPORTS_XR_DESIGNED_FOR_IPHONE_IPAD = NO;
				SWIFT_EMIT_LOC_STRINGS = YES;
				SWIFT_VERSION = 5.0;
				TARGETED_DEVICE_FAMILY = 1;
			};
			name = Debug;
		};
		CD4854EF2B6B7F390090720A /* Release */ = {
			isa = XCBuildConfiguration;
			buildSettings = {
				ASSETCATALOG_COMPILER_APPICON_NAME = AppIcon;
				ASSETCATALOG_COMPILER_GLOBAL_ACCENT_COLOR_NAME = AccentColor;
				CODE_SIGN_STYLE = Automatic;
				CURRENT_PROJECT_VERSION = 1;
				DEVELOPMENT_TEAM = V3YK82Q5NN;
				GENERATE_INFOPLIST_FILE = YES;
				INFOPLIST_FILE = Store/App/Info.plist;
				INFOPLIST_KEY_CFBundleDisplayName = Pizza;
				INFOPLIST_KEY_UIApplicationSupportsIndirectInputEvents = YES;
				INFOPLIST_KEY_UILaunchStoryboardName = LaunchScreen;
				INFOPLIST_KEY_UIMainStoryboardFile = Main;
				INFOPLIST_KEY_UISupportedInterfaceOrientations = UIInterfaceOrientationPortrait;
				INFOPLIST_KEY_UISupportedInterfaceOrientations_iPad = "UIInterfaceOrientationLandscapeLeft UIInterfaceOrientationLandscapeRight UIInterfaceOrientationPortrait UIInterfaceOrientationPortraitUpsideDown";
				LD_RUNPATH_SEARCH_PATHS = (
					"$(inherited)",
					"@executable_path/Frameworks",
				);
				MARKETING_VERSION = 1.0;
				PRODUCT_BUNDLE_IDENTIFIER = broski43.Store;
				PRODUCT_NAME = "$(TARGET_NAME)";
				SUPPORTED_PLATFORMS = "iphoneos iphonesimulator";
				SUPPORTS_MACCATALYST = NO;
				SUPPORTS_MAC_DESIGNED_FOR_IPHONE_IPAD = NO;
				SUPPORTS_XR_DESIGNED_FOR_IPHONE_IPAD = NO;
				SWIFT_EMIT_LOC_STRINGS = YES;
				SWIFT_VERSION = 5.0;
				TARGETED_DEVICE_FAMILY = 1;
			};
			name = Release;
		};
/* End XCBuildConfiguration section */

/* Begin XCConfigurationList section */
		CD4854D42B6B7F380090720A /* Build configuration list for PBXProject "Store" */ = {
			isa = XCConfigurationList;
			buildConfigurations = (
				CD4854EB2B6B7F390090720A /* Debug */,
				CD4854EC2B6B7F390090720A /* Release */,
			);
			defaultConfigurationIsVisible = 0;
			defaultConfigurationName = Release;
		};
		CD4854ED2B6B7F390090720A /* Build configuration list for PBXNativeTarget "Store" */ = {
			isa = XCConfigurationList;
			buildConfigurations = (
				CD4854EE2B6B7F390090720A /* Debug */,
				CD4854EF2B6B7F390090720A /* Release */,
			);
			defaultConfigurationIsVisible = 0;
			defaultConfigurationName = Release;
		};
/* End XCConfigurationList section */
	};
	rootObject = CD4854D12B6B7F380090720A /* Project object */;
}
